
Microsoft Visual Studio Solution File, Format Version 12.00
# Visual Studio Version 17
VisualStudioVersion = 17.14.36310.24
MinimumVisualStudioVersion = 10.0.40219.1
Project("{FAE04EC0-301F-11D3-BF4B-00C04F79EFBC}") = "ConnectAI", "..\ConnectAI\ConnectAI.csproj", "{2A6511C4-AA1A-D553-3B7C-E19986212358}"
EndProject
Project("{FAE04EC0-301F-11D3-BF4B-00C04F79EFBC}") = "Tool.Helper", "..\ToolHelper\Tool.Helper.csproj", "{2CB38A9B-218F-7BCD-C421-7088A54FD591}"
EndProject
Project("{2150E333-8FDC-42A3-9474-1A3956D46DE8}") = "src", "src", "{827E0CD3-B72D-47B6-A68D-7590B98EB39B}"
EndProject
Project("{FAE04EC0-301F-11D3-BF4B-00C04F79EFBC}") = "Hrm.Domain", "src\Hrm.Domain\Hrm.Domain.csproj", "{BC3301B1-FD8B-4366-970F-96DB851E0D70}"
EndProject
Project("{FAE04EC0-301F-11D3-BF4B-00C04F79EFBC}") = "Hrm.Application", "src\Hrm.Application\Hrm.Application.csproj", "{73977663-F8AB-4BF0-9CC4-D8FFE1B30EC9}"
EndProject
Project("{FAE04EC0-301F-11D3-BF4B-00C04F79EFBC}") = "Hrm.Infrastructure", "src\Hrm.Infrastructure\Hrm.Infrastructure.csproj", "{F6691A9A-BD27-4EB1-A8DD-ED4FFBDA1A49}"
EndProject
Project("{FAE04EC0-301F-11D3-BF4B-00C04F79EFBC}") = "Hrm.Contracts", "src\Hrm.Contracts\Hrm.Contracts.csproj", "{7D7D8A7D-0218-4478-8A3F-2319D234DC70}"
EndProject
Project("{FAE04EC0-301F-11D3-BF4B-00C04F79EFBC}") = "Hrm.Api", "src\Hrm.Api\Hrm.Api.csproj", "{BA2DA354-7F7C-4179-A4B2-6CD0632AE67E}"
EndProject
Project("{FAE04EC0-301F-11D3-BF4B-00C04F79EFBC}") = "Hrm.Worker", "src\Hrm.Worker\Hrm.Worker.csproj", "{B1D646AC-2F09-4604-B210-5A8E1CDB82E8}"
EndProject
Global
	GlobalSection(SolutionConfigurationPlatforms) = preSolution
		Debug|Any CPU = Debug|Any CPU
		Debug|x64 = Debug|x64
		Debug|x86 = Debug|x86
		Release|Any CPU = Release|Any CPU
		Release|x64 = Release|x64
		Release|x86 = Release|x86
	EndGlobalSection
	GlobalSection(ProjectConfigurationPlatforms) = postSolution
		{2A6511C4-AA1A-D553-3B7C-E19986212358}.Debug|Any CPU.ActiveCfg = Debug|Any CPU
		{2A6511C4-AA1A-D553-3B7C-E19986212358}.Debug|Any CPU.Build.0 = Debug|Any CPU
		{2A6511C4-AA1A-D553-3B7C-E19986212358}.Debug|x64.ActiveCfg = Debug|Any CPU
		{2A6511C4-AA1A-D553-3B7C-E19986212358}.Debug|x64.Build.0 = Debug|Any CPU
		{2A6511C4-AA1A-D553-3B7C-E19986212358}.Debug|x86.ActiveCfg = Debug|Any CPU
		{2A6511C4-AA1A-D553-3B7C-E19986212358}.Debug|x86.Build.0 = Debug|Any CPU
		{2A6511C4-AA1A-D553-3B7C-E19986212358}.Release|Any CPU.ActiveCfg = Release|Any CPU
		{2A6511C4-AA1A-D553-3B7C-E19986212358}.Release|Any CPU.Build.0 = Release|Any CPU
		{2A6511C4-AA1A-D553-3B7C-E19986212358}.Release|x64.ActiveCfg = Release|Any CPU
		{2A6511C4-AA1A-D553-3B7C-E19986212358}.Release|x64.Build.0 = Release|Any CPU
		{2A6511C4-AA1A-D553-3B7C-E19986212358}.Release|x86.ActiveCfg = Release|Any CPU
		{2A6511C4-AA1A-D553-3B7C-E19986212358}.Release|x86.Build.0 = Release|Any CPU
		{2CB38A9B-218F-7BCD-C421-7088A54FD591}.Debug|Any CPU.ActiveCfg = Debug|Any CPU
		{2CB38A9B-218F-7BCD-C421-7088A54FD591}.Debug|Any CPU.Build.0 = Debug|Any CPU
		{2CB38A9B-218F-7BCD-C421-7088A54FD591}.Debug|x64.ActiveCfg = Debug|Any CPU
		{2CB38A9B-218F-7BCD-C421-7088A54FD591}.Debug|x64.Build.0 = Debug|Any CPU
		{2CB38A9B-218F-7BCD-C421-7088A54FD591}.Debug|x86.ActiveCfg = Debug|Any CPU
		{2CB38A9B-218F-7BCD-C421-7088A54FD591}.Debug|x86.Build.0 = Debug|Any CPU
		{2CB38A9B-218F-7BCD-C421-7088A54FD591}.Release|Any CPU.ActiveCfg = Release|Any CPU
		{2CB38A9B-218F-7BCD-C421-7088A54FD591}.Release|Any CPU.Build.0 = Release|Any CPU
		{2CB38A9B-218F-7BCD-C421-7088A54FD591}.Release|x64.ActiveCfg = Release|Any CPU
		{2CB38A9B-218F-7BCD-C421-7088A54FD591}.Release|x64.Build.0 = Release|Any CPU
		{2CB38A9B-218F-7BCD-C421-7088A54FD591}.Release|x86.ActiveCfg = Release|Any CPU
		{2CB38A9B-218F-7BCD-C421-7088A54FD591}.Release|x86.Build.0 = Release|Any CPU
		{BC3301B1-FD8B-4366-970F-96DB851E0D70}.Debug|Any CPU.ActiveCfg = Debug|Any CPU
		{BC3301B1-FD8B-4366-970F-96DB851E0D70}.Debug|Any CPU.Build.0 = Debug|Any CPU
		{BC3301B1-FD8B-4366-970F-96DB851E0D70}.Debug|x64.ActiveCfg = Debug|Any CPU
		{BC3301B1-FD8B-4366-970F-96DB851E0D70}.Debug|x64.Build.0 = Debug|Any CPU
		{BC3301B1-FD8B-4366-970F-96DB851E0D70}.Debug|x86.ActiveCfg = Debug|Any CPU
		{BC3301B1-FD8B-4366-970F-96DB851E0D70}.Debug|x86.Build.0 = Debug|Any CPU
		{BC3301B1-FD8B-4366-970F-96DB851E0D70}.Release|Any CPU.ActiveCfg = Release|Any CPU
		{BC3301B1-FD8B-4366-970F-96DB851E0D70}.Release|Any CPU.Build.0 = Release|Any CPU
		{BC3301B1-FD8B-4366-970F-96DB851E0D70}.Release|x64.ActiveCfg = Release|Any CPU
		{BC3301B1-FD8B-4366-970F-96DB851E0D70}.Release|x64.Build.0 = Release|Any CPU
		{BC3301B1-FD8B-4366-970F-96DB851E0D70}.Release|x86.ActiveCfg = Release|Any CPU
		{BC3301B1-FD8B-4366-970F-96DB851E0D70}.Release|x86.Build.0 = Release|Any CPU
		{73977663-F8AB-4BF0-9CC4-D8FFE1B30EC9}.Debug|Any CPU.ActiveCfg = Debug|Any CPU
		{73977663-F8AB-4BF0-9CC4-D8FFE1B30EC9}.Debug|Any CPU.Build.0 = Debug|Any CPU
		{73977663-F8AB-4BF0-9CC4-D8FFE1B30EC9}.Debug|x64.ActiveCfg = Debug|Any CPU
		{73977663-F8AB-4BF0-9CC4-D8FFE1B30EC9}.Debug|x64.Build.0 = Debug|Any CPU
		{73977663-F8AB-4BF0-9CC4-D8FFE1B30EC9}.Debug|x86.ActiveCfg = Debug|Any CPU
		{73977663-F8AB-4BF0-9CC4-D8FFE1B30EC9}.Debug|x86.Build.0 = Debug|Any CPU
		{73977663-F8AB-4BF0-9CC4-D8FFE1B30EC9}.Release|Any CPU.ActiveCfg = Release|Any CPU
		{73977663-F8AB-4BF0-9CC4-D8FFE1B30EC9}.Release|Any CPU.Build.0 = Release|Any CPU
		{73977663-F8AB-4BF0-9CC4-D8FFE1B30EC9}.Release|x64.ActiveCfg = Release|Any CPU
		{73977663-F8AB-4BF0-9CC4-D8FFE1B30EC9}.Release|x64.Build.0 = Release|Any CPU
		{73977663-F8AB-4BF0-9CC4-D8FFE1B30EC9}.Release|x86.ActiveCfg = Release|Any CPU
		{73977663-F8AB-4BF0-9CC4-D8FFE1B30EC9}.Release|x86.Build.0 = Release|Any CPU
		{F6691A9A-BD27-4EB1-A8DD-ED4FFBDA1A49}.Debug|Any CPU.ActiveCfg = Debug|Any CPU
		{F6691A9A-BD27-4EB1-A8DD-ED4FFBDA1A49}.Debug|Any CPU.Build.0 = Debug|Any CPU
		{F6691A9A-BD27-4EB1-A8DD-ED4FFBDA1A49}.Debug|x64.ActiveCfg = Debug|Any CPU
		{F6691A9A-BD27-4EB1-A8DD-ED4FFBDA1A49}.Debug|x64.Build.0 = Debug|Any CPU
		{F6691A9A-BD27-4EB1-A8DD-ED4FFBDA1A49}.Debug|x86.ActiveCfg = Debug|Any CPU
		{F6691A9A-BD27-4EB1-A8DD-ED4FFBDA1A49}.Debug|x86.Build.0 = Debug|Any CPU
		{F6691A9A-BD27-4EB1-A8DD-ED4FFBDA1A49}.Release|Any CPU.ActiveCfg = Release|Any CPU
		{F6691A9A-BD27-4EB1-A8DD-ED4FFBDA1A49}.Release|Any CPU.Build.0 = Release|Any CPU
		{F6691A9A-BD27-4EB1-A8DD-ED4FFBDA1A49}.Release|x64.ActiveCfg = Release|Any CPU
		{F6691A9A-BD27-4EB1-A8DD-ED4FFBDA1A49}.Release|x64.Build.0 = Release|Any CPU
		{F6691A9A-BD27-4EB1-A8DD-ED4FFBDA1A49}.Release|x86.ActiveCfg = Release|Any CPU
		{F6691A9A-BD27-4EB1-A8DD-ED4FFBDA1A49}.Release|x86.Build.0 = Release|Any CPU
		{7D7D8A7D-0218-4478-8A3F-2319D234DC70}.Debug|Any CPU.ActiveCfg = Debug|Any CPU
		{7D7D8A7D-0218-4478-8A3F-2319D234DC70}.Debug|Any CPU.Build.0 = Debug|Any CPU
		{7D7D8A7D-0218-4478-8A3F-2319D234DC70}.Debug|x64.ActiveCfg = Debug|Any CPU
		{7D7D8A7D-0218-4478-8A3F-2319D234DC70}.Debug|x64.Build.0 = Debug|Any CPU
		{7D7D8A7D-0218-4478-8A3F-2319D234DC70}.Debug|x86.ActiveCfg = Debug|Any CPU
		{7D7D8A7D-0218-4478-8A3F-2319D234DC70}.Debug|x86.Build.0 = Debug|Any CPU
		{7D7D8A7D-0218-4478-8A3F-2319D234DC70}.Release|Any CPU.ActiveCfg = Release|Any CPU
		{7D7D8A7D-0218-4478-8A3F-2319D234DC70}.Release|Any CPU.Build.0 = Release|Any CPU
		{7D7D8A7D-0218-4478-8A3F-2319D234DC70}.Release|x64.ActiveCfg = Release|Any CPU
		{7D7D8A7D-0218-4478-8A3F-2319D234DC70}.Release|x64.Build.0 = Release|Any CPU
		{7D7D8A7D-0218-4478-8A3F-2319D234DC70}.Release|x86.ActiveCfg = Release|Any CPU
		{7D7D8A7D-0218-4478-8A3F-2319D234DC70}.Release|x86.Build.0 = Release|Any CPU
		{BA2DA354-7F7C-4179-A4B2-6CD0632AE67E}.Debug|Any CPU.ActiveCfg = Debug|Any CPU
		{BA2DA354-7F7C-4179-A4B2-6CD0632AE67E}.Debug|Any CPU.Build.0 = Debug|Any CPU
		{BA2DA354-7F7C-4179-A4B2-6CD0632AE67E}.Debug|x64.ActiveCfg = Debug|Any CPU
		{BA2DA354-7F7C-4179-A4B2-6CD0632AE67E}.Debug|x64.Build.0 = Debug|Any CPU
		{BA2DA354-7F7C-4179-A4B2-6CD0632AE67E}.Debug|x86.ActiveCfg = Debug|Any CPU
		{BA2DA354-7F7C-4179-A4B2-6CD0632AE67E}.Debug|x86.Build.0 = Debug|Any CPU
		{BA2DA354-7F7C-4179-A4B2-6CD0632AE67E}.Release|Any CPU.ActiveCfg = Release|Any CPU
		{BA2DA354-7F7C-4179-A4B2-6CD0632AE67E}.Release|Any CPU.Build.0 = Release|Any CPU
		{BA2DA354-7F7C-4179-A4B2-6CD0632AE67E}.Release|x64.ActiveCfg = Release|Any CPU
		{BA2DA354-7F7C-4179-A4B2-6CD0632AE67E}.Release|x64.Build.0 = Release|Any CPU
		{BA2DA354-7F7C-4179-A4B2-6CD0632AE67E}.Release|x86.ActiveCfg = Release|Any CPU
		{BA2DA354-7F7C-4179-A4B2-6CD0632AE67E}.Release|x86.Build.0 = Release|Any CPU
		{B1D646AC-2F09-4604-B210-5A8E1CDB82E8}.Debug|Any CPU.ActiveCfg = Debug|Any CPU
		{B1D646AC-2F09-4604-B210-5A8E1CDB82E8}.Debug|Any CPU.Build.0 = Debug|Any CPU
		{B1D646AC-2F09-4604-B210-5A8E1CDB82E8}.Debug|x64.ActiveCfg = Debug|Any CPU
		{B1D646AC-2F09-4604-B210-5A8E1CDB82E8}.Debug|x64.Build.0 = Debug|Any CPU
		{B1D646AC-2F09-4604-B210-5A8E1CDB82E8}.Debug|x86.ActiveCfg = Debug|Any CPU
		{B1D646AC-2F09-4604-B210-5A8E1CDB82E8}.Debug|x86.Build.0 = Debug|Any CPU
		{B1D646AC-2F09-4604-B210-5A8E1CDB82E8}.Release|Any CPU.ActiveCfg = Release|Any CPU
		{B1D646AC-2F09-4604-B210-5A8E1CDB82E8}.Release|Any CPU.Build.0 = Release|Any CPU
		{B1D646AC-2F09-4604-B210-5A8E1CDB82E8}.Release|x64.ActiveCfg = Release|Any CPU
		{B1D646AC-2F09-4604-B210-5A8E1CDB82E8}.Release|x64.Build.0 = Release|Any CPU
		{B1D646AC-2F09-4604-B210-5A8E1CDB82E8}.Release|x86.ActiveCfg = Release|Any CPU
		{B1D646AC-2F09-4604-B210-5A8E1CDB82E8}.Release|x86.Build.0 = Release|Any CPU
	EndGlobalSection
	GlobalSection(SolutionProperties) = preSolution
		HideSolutionNode = FALSE
	EndGlobalSection
	GlobalSection(NestedProjects) = preSolution
		{BC3301B1-FD8B-4366-970F-96DB851E0D70} = {827E0CD3-B72D-47B6-A68D-7590B98EB39B}
		{73977663-F8AB-4BF0-9CC4-D8FFE1B30EC9} = {827E0CD3-B72D-47B6-A68D-7590B98EB39B}
		{F6691A9A-BD27-4EB1-A8DD-ED4FFBDA1A49} = {827E0CD3-B72D-47B6-A68D-7590B98EB39B}
		{7D7D8A7D-0218-4478-8A3F-2319D234DC70} = {827E0CD3-B72D-47B6-A68D-7590B98EB39B}
		{BA2DA354-7F7C-4179-A4B2-6CD0632AE67E} = {827E0CD3-B72D-47B6-A68D-7590B98EB39B}
		{B1D646AC-2F09-4604-B210-5A8E1CDB82E8} = {827E0CD3-B72D-47B6-A68D-7590B98EB39B}
	EndGlobalSection
	GlobalSection(ExtensibilityGlobals) = postSolution
		SolutionGuid = {76519285-8726-49B3-B2E9-B91E4776398E}
	EndGlobalSection
EndGlobal
